# Generated by pub
# See https://dart.dev/tools/pub/glossary#lockfile
packages:
  ini:
    dependency: "direct main"
    description:
      name: ini
      sha256: "12a76c53591ffdf86d1265be3f986888a6dfeb34a85957774bc65912d989a173"
      url: "https://pub.dev"
    source: hosted
    version: "2.1.0"
sdks:
  dart: ">=3.0.0 <4.0.0"
